
Microsoft Visual Studio Solution File, Format Version 12.00
# Visual Studio Version 17
VisualStudioVersion = 17.14.36915.13 d17.14
MinimumVisualStudioVersion = 10.0.40219.1
Project("{F2A71F9B-5D33-465A-A702-920D77279786}") = "2 пара", "2 пара.fsproj", "{3F3C537D-E71B-4C03-B0A0-A56935E1054F}"
EndProject
Global
	GlobalSection(SolutionConfigurationPlatforms) = preSolution
		Debug|Any CPU = Debug|Any CPU
		Release|Any CPU = Release|Any CPU
	EndGlobalSection
	GlobalSection(ProjectConfigurationPlatforms) = postSolution
		{3F3C537D-E71B-4C03-B0A0-A56935E1054F}.Debug|Any CPU.ActiveCfg = Debug|Any CPU
		{3F3C537D-E71B-4C03-B0A0-A56935E1054F}.Debug|Any CPU.Build.0 = Debug|Any CPU
		{3F3C537D-E71B-4C03-B0A0-A56935E1054F}.Release|Any CPU.ActiveCfg = Release|Any CPU
		{3F3C537D-E71B-4C03-B0A0-A56935E1054F}.Release|Any CPU.Build.0 = Release|Any CPU
	EndGlobalSection
	GlobalSection(SolutionProperties) = preSolution
		HideSolutionNode = FALSE
	EndGlobalSection
	GlobalSection(ExtensibilityGlobals) = postSolution
		SolutionGuid = {D6178089-49A1-453E-8BC3-FC3E5C52CB14}
	EndGlobalSection
EndGlobal
